// !$*UTF8*$!
{
	archiveVersion = 1;
	classes = {
	};
	objectVersion = 46;
	objects = {

/* Begin PBXBuildFile section */
		818ADEA819F0CBC10012CD5D /* AppDelegate.swift in Sources */ = {isa = PBXBuildFile; fileRef = 818ADEA719F0CBC10012CD5D /* AppDelegate.swift */; };
		818ADEAA19F0CBC10012CD5D /* ViewController.swift in Sources */ = {isa = PBXBuildFile; fileRef = 818ADEA919F0CBC10012CD5D /* ViewController.swift */; };
		818ADEAD19F0CBC10012CD5D /* Main.storyboard in Resources */ = {isa = PBXBuildFile; fileRef = 818ADEAB19F0CBC10012CD5D /* Main.storyboard */; };
		818ADEAF19F0CBC10012CD5D /* Images.xcassets in Resources */ = {isa = PBXBuildFile; fileRef = 818ADEAE19F0CBC10012CD5D /* Images.xcassets */; };
		818ADEB219F0CBC10012CD5D /* LaunchScreen.xib in Resources */ = {isa = PBXBuildFile; fileRef = 818ADEB019F0CBC10012CD5D /* LaunchScreen.xib */; };
		818ADEBE19F0CBC10012CD5D /* FortunaTests.swift in Sources */ = {isa = PBXBuildFile; fileRef = 818ADEBD19F0CBC10012CD5D /* FortunaTests.swift */; };
		818ADEC919F104F20012CD5D /* positiveQuotes.json in Resources */ = {isa = PBXBuildFile; fileRef = 818ADEC719F104F20012CD5D /* positiveQuotes.json */; };
		818ADECA19F104F20012CD5D /* negativeQuotes.json in Resources */ = {isa = PBXBuildFile; fileRef = 818ADEC819F104F20012CD5D /* negativeQuotes.json */; };
/* End PBXBuildFile section */

/* Begin PBXContainerItemProxy section */
		818ADEB819F0CBC10012CD5D /* PBXContainerItemProxy */ = {
			isa = PBXContainerItemProxy;
			containerPortal = 818ADE9A19F0CBC10012CD5D /* Project object */;
			proxyType = 1;
			remoteGlobalIDString = 818ADEA119F0CBC10012CD5D;
			remoteInfo = Fortuna;
		};
/* End PBXContainerItemProxy section */

/* Begin PBXFileReference section */
		818ADEA219F0CBC10012CD5D /* Fortuna.app */ = {isa = PBXFileReference; explicitFileType = wrapper.application; includeInIndex = 0; path = Fortuna.app; sourceTree = BUILT_PRODUCTS_DIR; };
		818ADEA619F0CBC10012CD5D /* Info.plist */ = {isa = PBXFileReference; lastKnownFileType = text.plist.xml; path = Info.plist; sourceTree = "<group>"; };
		818ADEA719F0CBC10012CD5D /* AppDelegate.swift */ = {isa = PBXFileReference; lastKnownFileType = sourcecode.swift; path = AppDelegate.swift; sourceTree = "<group>"; };
		818ADEA919F0CBC10012CD5D /* ViewController.swift */ = {isa = PBXFileReference; lastKnownFileType = sourcecode.swift; path = ViewController.swift; sourceTree = "<group>"; };
		818ADEAC19F0CBC10012CD5D /* Base */ = {isa = PBXFileReference; lastKnownFileType = file.storyboard; name = Base; path = Base.lproj/Main.storyboard; sourceTree = "<group>"; };
		818ADEAE19F0CBC10012CD5D /* Images.xcassets */ = {isa = PBXFileReference; lastKnownFileType = folder.assetcatalog; path = Images.xcassets; sourceTree = "<group>"; };
		818ADEB119F0CBC10012CD5D /* Base */ = {isa = PBXFileReference; lastKnownFileType = file.xib; name = Base; path = Base.lproj/LaunchScreen.xib; sourceTree = "<group>"; };
		818ADEB719F0CBC10012CD5D /* FortunaTests.xctest */ = {isa = PBXFileReference; explicitFileType = wrapper.cfbundle; includeInIndex = 0; path = FortunaTests.xctest; sourceTree = BUILT_PRODUCTS_DIR; };
		818ADEBC19F0CBC10012CD5D /* Info.plist */ = {isa = PBXFileReference; lastKnownFileType = text.plist.xml; path = Info.plist; sourceTree = "<group>"; };
		818ADEBD19F0CBC10012CD5D /* FortunaTests.swift */ = {isa = PBXFileReference; lastKnownFileType = sourcecode.swift; path = FortunaTests.swift; sourceTree = "<group>"; };
		818ADEC719F104F20012CD5D /* positiveQuotes.json */ = {isa = PBXFileReference; fileEncoding = 4; lastKnownFileType = text.json; path = positiveQuotes.json; sourceTree = "<group>"; };
		818ADEC819F104F20012CD5D /* negativeQuotes.json */ = {isa = PBXFileReference; fileEncoding = 4; lastKnownFileType = text.json; path = negativeQuotes.json; sourceTree = "<group>"; };
/* End PBXFileReference section */

/* Begin PBXFrameworksBuildPhase section */
		818ADE9F19F0CBC10012CD5D /* Frameworks */ = {
			isa = PBXFrameworksBuildPhase;
			buildActionMask = 2147483647;
			files = (
			);
			runOnlyForDeploymentPostprocessing = 0;
		};
		818ADEB419F0CBC10012CD5D /* Frameworks */ = {
			isa = PBXFrameworksBuildPhase;
			buildActionMask = 2147483647;
			files = (
			);
			runOnlyForDeploymentPostprocessing = 0;
		};
/* End PBXFrameworksBuildPhase section */

/* Begin PBXGroup section */
		818ADE9919F0CBC10012CD5D = {
			isa = PBXGroup;
			children = (
				818ADEA419F0CBC10012CD5D /* Fortuna */,
				818ADEBA19F0CBC10012CD5D /* FortunaTests */,
				818ADEA319F0CBC10012CD5D /* Products */,
			);
			sourceTree = "<group>";
		};
		818ADEA319F0CBC10012CD5D /* Products */ = {
			isa = PBXGroup;
			children = (
				818ADEA219F0CBC10012CD5D /* Fortuna.app */,
				818ADEB719F0CBC10012CD5D /* FortunaTests.xctest */,
			);
			name = Products;
			sourceTree = "<group>";
		};
		818ADEA419F0CBC10012CD5D /* Fortuna */ = {
			isa = PBXGroup;
			children = (
				818ADEA719F0CBC10012CD5D /* AppDelegate.swift */,
				818ADEA919F0CBC10012CD5D /* ViewController.swift */,
				818ADEAB19F0CBC10012CD5D /* Main.storyboard */,
				818ADEAE19F0CBC10012CD5D /* Images.xcassets */,
				818ADEB019F0CBC10012CD5D /* LaunchScreen.xib */,
				818ADEA519F0CBC10012CD5D /* Supporting Files */,
			);
			path = Fortuna;
			sourceTree = "<group>";
		};
		818ADEA519F0CBC10012CD5D /* Supporting Files */ = {
			isa = PBXGroup;
			children = (
				818ADEC719F104F20012CD5D /* positiveQuotes.json */,
				818ADEC819F104F20012CD5D /* negativeQuotes.json */,
				818ADEA619F0CBC10012CD5D /* Info.plist */,
			);
			name = "Supporting Files";
			sourceTree = "<group>";
		};
		818ADEBA19F0CBC10012CD5D /* FortunaTests */ = {
			isa = PBXGroup;
			children = (
				818ADEBD19F0CBC10012CD5D /* FortunaTests.swift */,
				818ADEBB19F0CBC10012CD5D /* Supporting Files */,
			);
			path = FortunaTests;
			sourceTree = "<group>";
		};
		818ADEBB19F0CBC10012CD5D /* Supporting Files */ = {
			isa = PBXGroup;
			children = (
				818ADEBC19F0CBC10012CD5D /* Info.plist */,
			);
			name = "Supporting Files";
			sourceTree = "<group>";
		};
/* End PBXGroup section */

/* Begin PBXNativeTarget section */
		818ADEA119F0CBC10012CD5D /* Fortuna */ = {
			isa = PBXNativeTarget;
			buildConfigurationList = 818ADEC119F0CBC10012CD5D /* Build configuration list for PBXNativeTarget "Fortuna" */;
			buildPhases = (
				818ADE9E19F0CBC10012CD5D /* Sources */,
				818ADE9F19F0CBC10012CD5D /* Frameworks */,
				818ADEA019F0CBC10012CD5D /* Resources */,
			);
			buildRules = (
			);
			dependencies = (
			);
			name = Fortuna;
			productName = Fortuna;
			productReference = 818ADEA219F0CBC10012CD5D /* Fortuna.app */;
			productType = "com.apple.product-type.application";
		};
		818ADEB619F0CBC10012CD5D /* FortunaTests */ = {
			isa = PBXNativeTarget;
			buildConfigurationList = 818ADEC419F0CBC10012CD5D /* Build configuration list for PBXNativeTarget "FortunaTests" */;
			buildPhases = (
				818ADEB319F0CBC10012CD5D /* Sources */,
				818ADEB419F0CBC10012CD5D /* Frameworks */,
				818ADEB519F0CBC10012CD5D /* Resources */,
			);
			buildRules = (
			);
			dependencies = (
				818ADEB919F0CBC10012CD5D /* PBXTargetDependency */,
			);
			name = FortunaTests;
			productName = FortunaTests;
			productReference = 818ADEB719F0CBC10012CD5D /* FortunaTests.xctest */;
			productType = "com.apple.product-type.bundle.unit-test";
		};
/* End PBXNativeTarget section */

/* Begin PBXProject section */
		818ADE9A19F0CBC10012CD5D /* Project object */ = {
			isa = PBXProject;
			attributes = {
				LastUpgradeCheck = 0610;
				ORGANIZATIONNAME = "Bin Huang";
				TargetAttributes = {
					818ADEA119F0CBC10012CD5D = {
						CreatedOnToolsVersion = 6.1;
					};
					818ADEB619F0CBC10012CD5D = {
						CreatedOnToolsVersion = 6.1;
						TestTargetID = 818ADEA119F0CBC10012CD5D;
					};
				};
			};
			buildConfigurationList = 818ADE9D19F0CBC10012CD5D /* Build configuration list for PBXProject "Fortuna" */;
			compatibilityVersion = "Xcode 3.2";
			developmentRegion = English;
			hasScannedForEncodings = 0;
			knownRegions = (
				en,
				Base,
			);
			mainGroup = 818ADE9919F0CBC10012CD5D;
			productRefGroup = 818ADEA319F0CBC10012CD5D /* Products */;
			projectDirPath = "";
			projectRoot = "";
			targets = (
				818ADEA119F0CBC10012CD5D /* Fortuna */,
				818ADEB619F0CBC10012CD5D /* FortunaTests */,
			);
		};
/* End PBXProject section */

/* Begin PBXResourcesBuildPhase section */
		818ADEA019F0CBC10012CD5D /* Resources */ = {
			isa = PBXResourcesBuildPhase;
			buildActionMask = 2147483647;
			files = (
				818ADECA19F104F20012CD5D /* negativeQuotes.json in Resources */,
				818ADEAD19F0CBC10012CD5D /* Main.storyboard in Resources */,
				818ADEB219F0CBC10012CD5D /* LaunchScreen.xib in Resources */,
				818ADEAF19F0CBC10012CD5D /* Images.xcassets in Resources */,
				818ADEC919F104F20012CD5D /* positiveQuotes.json in Resources */,
			);
			runOnlyForDeploymentPostprocessing = 0;
		};
		818ADEB519F0CBC10012CD5D /* Resources */ = {
			isa = PBXResourcesBuildPhase;
			buildActionMask = 2147483647;
			files = (
			);
			runOnlyForDeploymentPostprocessing = 0;
		};
/* End PBXResourcesBuildPhase section */

/* Begin PBXSourcesBuildPhase section */
		818ADE9E19F0CBC10012CD5D /* Sources */ = {
			isa = PBXSourcesBuildPhase;
			buildActionMask = 2147483647;
			files = (
				818ADEAA19F0CBC10012CD5D /* ViewController.swift in Sources */,
				818ADEA819F0CBC10012CD5D /* AppDelegate.swift in Sources */,
			);
			runOnlyForDeploymentPostprocessing = 0;
		};
		818ADEB319F0CBC10012CD5D /* Sources */ = {
			isa = PBXSourcesBuildPhase;
			buildActionMask = 2147483647;
			files = (
				818ADEBE19F0CBC10012CD5D /* FortunaTests.swift in Sources */,
			);
			runOnlyForDeploymentPostprocessing = 0;
		};
/* End PBXSourcesBuildPhase section */

/* Begin PBXTargetDependency section */
		818ADEB919F0CBC10012CD5D /* PBXTargetDependency */ = {
			isa = PBXTargetDependency;
			target = 818ADEA119F0CBC10012CD5D /* Fortuna */;
			targetProxy = 818ADEB819F0CBC10012CD5D /* PBXContainerItemProxy */;
		};
/* End PBXTargetDependency section */

/* Begin PBXVariantGroup section */
		818ADEAB19F0CBC10012CD5D /* Main.storyboard */ = {
			isa = PBXVariantGroup;
			children = (
				818ADEAC19F0CBC10012CD5D /* Base */,
			);
			name = Main.storyboard;
			sourceTree = "<group>";
		};
		818ADEB019F0CBC10012CD5D /* LaunchScreen.xib */ = {
			isa = PBXVariantGroup;
			children = (
				818ADEB119F0CBC10012CD5D /* Base */,
			);
			name = LaunchScreen.xib;
			sourceTree = "<group>";
		};
/* End PBXVariantGroup section */

/* Begin XCBuildConfiguration section */
		818ADEBF19F0CBC10012CD5D /* Debug */ = {
			isa = XCBuildConfiguration;
			buildSettings = {
				ALWAYS_SEARCH_USER_PATHS = NO;
				CLANG_CXX_LANGUAGE_STANDARD = "gnu++0x";
				CLANG_CXX_LIBRARY = "libc++";
				CLANG_ENABLE_MODULES = YES;
				CLANG_ENABLE_OBJC_ARC = YES;
				CLANG_WARN_BOOL_CONVERSION = YES;
				CLANG_WARN_CONSTANT_CONVERSION = YES;
				CLANG_WARN_DIRECT_OBJC_ISA_USAGE = YES_ERROR;
				CLANG_WARN_EMPTY_BODY = YES;
				CLANG_WARN_ENUM_CONVERSION = YES;
				CLANG_WARN_INT_CONVERSION = YES;
				CLANG_WARN_OBJC_ROOT_CLASS = YES_ERROR;
				CLANG_WARN_UNREACHABLE_CODE = YES;
				CLANG_WARN__DUPLICATE_METHOD_MATCH = YES;
				"CODE_SIGN_IDENTITY[sdk=iphoneos*]" = "iPhone Developer";
				COPY_PHASE_STRIP = NO;
				ENABLE_STRICT_OBJC_MSGSEND = YES;
				GCC_C_LANGUAGE_STANDARD = gnu99;
				GCC_DYNAMIC_NO_PIC = NO;
				GCC_OPTIMIZATION_LEVEL = 0;
				GCC_PREPROCESSOR_DEFINITIONS = (
					"DEBUG=1",
					"$(inherited)",
				);
				GCC_SYMBOLS_PRIVATE_EXTERN = NO;
				GCC_WARN_64_TO_32_BIT_CONVERSION = YES;
				GCC_WARN_ABOUT_RETURN_TYPE = YES_ERROR;
				GCC_WARN_UNDECLARED_SELECTOR = YES;
				GCC_WARN_UNINITIALIZED_AUTOS = YES_AGGRESSIVE;
				GCC_WARN_UNUSED_FUNCTION = YES;
				GCC_WARN_UNUSED_VARIABLE = YES;
				IPHONEOS_DEPLOYMENT_TARGET = 8.1;
				MTL_ENABLE_DEBUG_INFO = YES;
				ONLY_ACTIVE_ARCH = YES;
				SDKROOT = iphoneos;
				SWIFT_OPTIMIZATION_LEVEL = "-Onone";
			};
			name = Debug;
		};
		818ADEC019F0CBC10012CD5D /* Release */ = {
			isa = XCBuildConfiguration;
			buildSettings = {
				ALWAYS_SEARCH_USER_PATHS = NO;
				CLANG_CXX_LANGUAGE_STANDARD = "gnu++0x";
				CLANG_CXX_LIBRARY = "libc++";
				CLANG_ENABLE_MODULES = YES;
				CLANG_ENABLE_OBJC_ARC = YES;
				CLANG_WARN_BOOL_CONVERSION = YES;
				CLANG_WARN_CONSTANT_CONVERSION = YES;
				CLANG_WARN_DIRECT_OBJC_ISA_USAGE = YES_ERROR;
				CLANG_WARN_EMPTY_BODY = YES;
				CLANG_WARN_ENUM_CONVERSION = YES;
				CLANG_WARN_INT_CONVERSION = YES;
				CLANG_WARN_OBJC_ROOT_CLASS = YES_ERROR;
				CLANG_WARN_UNREACHABLE_CODE = YES;
				CLANG_WARN__DUPLICATE_METHOD_MATCH = YES;
				"CODE_SIGN_IDENTITY[sdk=iphoneos*]" = "iPhone Developer";
				COPY_PHASE_STRIP = YES;
				ENABLE_NS_ASSERTIONS = NO;
				ENABLE_STRICT_OBJC_MSGSEND = YES;
				GCC_C_LANGUAGE_STANDARD = gnu99;
				GCC_WARN_64_TO_32_BIT_CONVERSION = YES;
				GCC_WARN_ABOUT_RETURN_TYPE = YES_ERROR;
				GCC_WARN_UNDECLARED_SELECTOR = YES;
				GCC_WARN_UNINITIALIZED_AUTOS = YES_AGGRESSIVE;
				GCC_WARN_UNUSED_FUNCTION = YES;
				GCC_WARN_UNUSED_VARIABLE = YES;
				IPHONEOS_DEPLOYMENT_TARGET = 8.1;
				MTL_ENABLE_DEBUG_INFO = NO;
				SDKROOT = iphoneos;
				VALIDATE_PRODUCT = YES;
			};
			name = Release;
		};
		818ADEC219F0CBC10012CD5D /* Debug */ = {
			isa = XCBuildConfiguration;
			buildSettings = {
				ASSETCATALOG_COMPILER_APPICON_NAME = AppIcon;
				INFOPLIST_FILE = Fortuna/Info.plist;
				LD_RUNPATH_SEARCH_PATHS = "$(inherited) @executable_path/Frameworks";
				PRODUCT_NAME = "$(TARGET_NAME)";
			};
			name = Debug;
		};
		818ADEC319F0CBC10012CD5D /* Release */ = {
			isa = XCBuildConfiguration;
			buildSettings = {
				ASSETCATALOG_COMPILER_APPICON_NAME = AppIcon;
				INFOPLIST_FILE = Fortuna/Info.plist;
				LD_RUNPATH_SEARCH_PATHS = "$(inherited) @executable_path/Frameworks";
				PRODUCT_NAME = "$(TARGET_NAME)";
			};
			name = Release;
		};
		818ADEC519F0CBC10012CD5D /* Debug */ = {
			isa = XCBuildConfiguration;
			buildSettings = {
				BUNDLE_LOADER = "$(TEST_HOST)";
				FRAMEWORK_SEARCH_PATHS = (
					"$(SDKROOT)/Developer/Library/Frameworks",
					"$(inherited)",
				);
				GCC_PREPROCESSOR_DEFINITIONS = (
					"DEBUG=1",
					"$(inherited)",
				);
				INFOPLIST_FILE = FortunaTests/Info.plist;
				LD_RUNPATH_SEARCH_PATHS = "$(inherited) @executable_path/Frameworks @loader_path/Frameworks";
				PRODUCT_NAME = "$(TARGET_NAME)";
				TEST_HOST = "$(BUILT_PRODUCTS_DIR)/Fortuna.app/Fortuna";
			};
			name = Debug;
		};
		818ADEC619F0CBC10012CD5D /* Release */ = {
			isa = XCBuildConfiguration;
			buildSettings = {
				BUNDLE_LOADER = "$(TEST_HOST)";
				FRAMEWORK_SEARCH_PATHS = (
					"$(SDKROOT)/Developer/Library/Frameworks",
					"$(inherited)",
				);
				INFOPLIST_FILE = FortunaTests/Info.plist;
				LD_RUNPATH_SEARCH_PATHS = "$(inherited) @executable_path/Frameworks @loader_path/Frameworks";
				PRODUCT_NAME = "$(TARGET_NAME)";
				TEST_HOST = "$(BUILT_PRODUCTS_DIR)/Fortuna.app/Fortuna";
			};
			name = Release;
		};
/* End XCBuildConfiguration section */

/* Begin XCConfigurationList section */
		818ADE9D19F0CBC10012CD5D /* Build configuration list for PBXProject "Fortuna" */ = {
			isa = XCConfigurationList;
			buildConfigurations = (
				818ADEBF19F0CBC10012CD5D /* Debug */,
				818ADEC019F0CBC10012CD5D /* Release */,
			);
			defaultConfigurationIsVisible = 0;
			defaultConfigurationName = Release;
		};
		818ADEC119F0CBC10012CD5D /* Build configuration list for PBXNativeTarget "Fortuna" */ = {
			isa = XCConfigurationList;
			buildConfigurations = (
				818ADEC219F0CBC10012CD5D /* Debug */,
				818ADEC319F0CBC10012CD5D /* Release */,
			);
			defaultConfigurationIsVisible = 0;
		};
		818ADEC419F0CBC10012CD5D /* Build configuration list for PBXNativeTarget "FortunaTests" */ = {
			isa = XCConfigurationList;
			buildConfigurations = (
				818ADEC519F0CBC10012CD5D /* Debug */,
				818ADEC619F0CBC10012CD5D /* Release */,
			);
			defaultConfigurationIsVisible = 0;
		};
/* End XCConfigurationList section */
	};
	rootObject = 818ADE9A19F0CBC10012CD5D /* Project object */;
}
